<Solution>
  <Folder Name="/build/">
    <File Path="Directory.Build.props" />
    <File Path="Directory.Packages.props" />
    <File Path="global.json" />
    <File Path=".editorconfig" />
    <File Path=".gitignore" />
  </Folder>
  <Folder Name="/src/">
    <Project Path="src/Centra.Abstractions/Centra.Abstractions.csproj" />
    <Project Path="src/Centra.Core/Centra.Core.csproj" />
    <Project Path="src/Centra.Providers.InMemory/Centra.Providers.InMemory.csproj" />
    <Project Path="src/Centra.Providers.Redis/Centra.Providers.Redis.csproj" />
    <Project Path="src/Centra.Providers.PostgreSql/Centra.Providers.PostgreSql.csproj" />
    <Project Path="src/Centra.Providers.RabbitMQ/Centra.Providers.RabbitMQ.csproj" />
    <Project Path="src/Centra.Providers.SqlServer/Centra.Providers.SqlServer.csproj" />
    <Project Path="src/Centra.Providers.AzureServiceBus/Centra.Providers.AzureServiceBus.csproj" />
    <Project Path="src/Centra.Providers.CosmosDb/Centra.Providers.CosmosDb.csproj" />
    <Project Path="src/Centra.Hosting/Centra.Hosting.csproj" />
    <Project Path="src/Centra.ControlPlane/Centra.ControlPlane.csproj" />
    <Project Path="src/Centra.Aspire.Hosting/Centra.Aspire.Hosting.csproj" />
  </Folder>
  <Folder Name="/src/abstractions/">
    <Project Path="src/Centra.Bindings.Abstractions/Centra.Bindings.Abstractions.csproj" />
    <Project Path="src/Centra.Components.Abstractions/Centra.Components.Abstractions.csproj" />
    <Project Path="src/Centra.Events.Abstractions/Centra.Events.Abstractions.csproj" />
    <Project Path="src/Centra.Invocation.Abstractions/Centra.Invocation.Abstractions.csproj" />
    <Project Path="src/Centra.Locks.Abstractions/Centra.Locks.Abstractions.csproj" />
    <Project Path="src/Centra.PubSub.Abstractions/Centra.PubSub.Abstractions.csproj" />
    <Project Path="src/Centra.State.Abstractions/Centra.State.Abstractions.csproj" />
    <Project Path="src/Centra.Sync.Abstractions/Centra.Sync.Abstractions.csproj" />
    <Project Path="src/Centra.Resilience.Abstractions/Centra.Resilience.Abstractions.csproj" />
    <Project Path="src/Centra.Actors.Abstractions/Centra.Actors.Abstractions.csproj" />
  </Folder>
  <Folder Name="/samples/">
    <Project Path="samples/Centra.Sample.OrdersService/Centra.Sample.OrdersService.csproj" />
    <Project Path="samples/Centra.Sample.MultiInstance/Centra.Sample.MultiInstance.csproj" />
    <Project Path="samples/Centra.Sample.Resilience/Centra.Sample.Resilience.csproj" />
    <Project Path="samples/Centra.Sample.Bindings/Centra.Sample.Bindings.csproj" />
    <Project Path="samples/Centra.Sample.Actors/Centra.Sample.Actors.csproj" />
    <Project Path="samples/Centra.AppHost/Centra.AppHost.csproj" />
  </Folder>
  <Folder Name="/tests/">
    <Project Path="tests/Centra.Tests.Unit/Centra.Tests.Unit.csproj" />
    <Project Path="tests/Centra.ControlPlane.Tests.Unit/Centra.ControlPlane.Tests.Unit.csproj" />
    <Project Path="tests/Centra.Providers.Redis.Tests.Unit/Centra.Providers.Redis.Tests.Unit.csproj" />
    <Project Path="tests/Centra.Providers.PostgreSql.Tests.Unit/Centra.Providers.PostgreSql.Tests.Unit.csproj" />
    <Project Path="tests/Centra.Providers.RabbitMQ.Tests.Unit/Centra.Providers.RabbitMQ.Tests.Unit.csproj" />
    <Project Path="tests/Centra.Providers.SqlServer.Tests.Unit/Centra.Providers.SqlServer.Tests.Unit.csproj" />
    <Project Path="tests/Centra.Providers.AzureServiceBus.Tests.Unit/Centra.Providers.AzureServiceBus.Tests.Unit.csproj" />
    <Project Path="tests/Centra.Providers.CosmosDb.Tests.Unit/Centra.Providers.CosmosDb.Tests.Unit.csproj" />
    <Project Path="tests/Centra.Tests.Integration/Centra.Tests.Integration.csproj" />
  </Folder>
</Solution>
